dependencies:
- name: as4-address-service-helm
  repository: oci://devnortheuropemgmtacr.azurecr.io/aep/as4
  version: "2025-10-14"
- name: as4-crypto-operations-helm
  repository: oci://devnortheuropemgmtacr.azurecr.io/aep/as4
  version: "2025-10-14"
- name: as4-cryptography-csr-helm
  repository: oci://devnortheuropemgmtacr.azurecr.io/aep/as4
  version: 2025-11-19-02
- name: as4-inbound-endpoint-helm
  repository: oci://devnortheuropemgmtacr.azurecr.io/aep/as4
  version: "2025-12-01"
- name: as4-message-service-helm
  repository: oci://devnortheuropemgmtacr.azurecr.io/aep/as4
  version: "2025-10-14"
- name: as4-outbound-market-message-service-helm
  repository: oci://devnortheuropemgmtacr.azurecr.io/aep/as4
  version: "2025-10-14"
- name: as4-outbound-sender-helm
  repository: oci://devnortheuropemgmtacr.azurecr.io/aep/as4
  version: "2025-10-14"
- name: as4-receipt-service-helm
  repository: oci://devnortheuropemgmtacr.azurecr.io/aep/as4
  version: "2025-10-16"
- name: crl-downloader-helm
  repository: oci://devnortheuropemgmtacr.azurecr.io/aep/crypto
  version: "2025-10-22"
- name: b2b-message-service-helm
  repository: oci://devnortheuropemgmtacr.azurecr.io/aep/b2b
  version: "2026-01-08"
- name: certificate-manager-helm
  repository: oci://devnortheuropemgmtacr.azurecr.io/aep/crypto
  version: "2025-12-25"
- name: rabbitmq-cluster-operator
  repository: https://raw.githubusercontent.com/bitnami/charts/index/bitnami
  version: 3.6.5
- name: fss-helm
  repository: oci://devnortheuropemgmtacr.azurecr.io/b2b
  version: "2026-01-09"
- name: mkg-shipping-status-sender-helm
  repository: oci://devnortheuropemgmtacr.azurecr.io/aep/b2b
  version: "2025-07-24"
digest: sha256:db9526ce09c41dd644ed7b3a1d0155d5740f705f0b02f4208197d18c9f080abb
generated: "2026-02-25T13:14:10.896419519Z"
